
Microsoft Visual Studio Solution File, Format Version 11.00
# Visual Studio 2010
Project("{8BC9CEB8-8B4A-11D0-8D11-00A0C91BC942}") = "list_basic", "list_basic.vcxproj", "{07267E06-865E-4340-BDD7-0D09690C20DF}"
EndProject
Global
	GlobalSection(SolutionConfigurationPlatforms) = preSolution
		Debug|Win32 = Debug|Win32
		Release|Win32 = Release|Win32
	EndGlobalSection
	GlobalSection(ProjectConfigurationPlatforms) = postSolution
		{07267E06-865E-4340-BDD7-0D09690C20DF}.Debug|Win32.ActiveCfg = Debug|Win32
		{07267E06-865E-4340-BDD7-0D09690C20DF}.Debug|Win32.Build.0 = Debug|Win32
		{07267E06-865E-4340-BDD7-0D09690C20DF}.Release|Win32.ActiveCfg = Release|Win32
		{07267E06-865E-4340-BDD7-0D09690C20DF}.Release|Win32.Build.0 = Release|Win32
	EndGlobalSection
	GlobalSection(SolutionProperties) = preSolution
		HideSolutionNode = FALSE
	EndGlobalSection
EndGlobal
